
Microsoft Visual Studio Solution File, Format Version 12.00
# Visual Studio 15
VisualStudioVersion = 15.0.27130.2027
MinimumVisualStudioVersion = 10.0.40219.1
Project("{FAE04EC0-301F-11D3-BF4B-00C04F79EFBC}") = "File Metadata", "File Metadata\File Metadata.csproj", "{096E1AF0-F4DB-449C-B279-4F4BB51DDF9C}"
EndProject
Global
	GlobalSection(SolutionConfigurationPlatforms) = preSolution
		Debug|Any CPU = Debug|Any CPU
		Release|Any CPU = Release|Any CPU
	EndGlobalSection
	GlobalSection(ProjectConfigurationPlatforms) = postSolution
		{096E1AF0-F4DB-449C-B279-4F4BB51DDF9C}.Debug|Any CPU.ActiveCfg = Debug|Any CPU
		{096E1AF0-F4DB-449C-B279-4F4BB51DDF9C}.Debug|Any CPU.Build.0 = Debug|Any CPU
		{096E1AF0-F4DB-449C-B279-4F4BB51DDF9C}.Release|Any CPU.ActiveCfg = Release|Any CPU
		{096E1AF0-F4DB-449C-B279-4F4BB51DDF9C}.Release|Any CPU.Build.0 = Release|Any CPU
	EndGlobalSection
	GlobalSection(SolutionProperties) = preSolution
		HideSolutionNode = FALSE
	EndGlobalSection
	GlobalSection(ExtensibilityGlobals) = postSolution
		SolutionGuid = {29EB9CCC-7554-488A-899F-92338B4A8A9D}
	EndGlobalSection
EndGlobal
